
Microsoft Visual Studio Solution File, Format Version 12.00
# Visual Studio Version 17
VisualStudioVersion = 17.2.32630.192
MinimumVisualStudioVersion = 10.0.40219.1
Project("{FAE04EC0-301F-11D3-BF4B-00C04F79EFBC}") = "DeliveryOrdersAPI", "DeliveryOrdersAPI\DeliveryOrdersAPI.csproj", "{59D5BAA6-DF03-42DE-9E71-70AD12D7610F}"
EndProject
Global
	GlobalSection(SolutionConfigurationPlatforms) = preSolution
		Debug|Any CPU = Debug|Any CPU
		Release|Any CPU = Release|Any CPU
	EndGlobalSection
	GlobalSection(ProjectConfigurationPlatforms) = postSolution
		{59D5BAA6-DF03-42DE-9E71-70AD12D7610F}.Debug|Any CPU.ActiveCfg = Debug|Any CPU
		{59D5BAA6-DF03-42DE-9E71-70AD12D7610F}.Debug|Any CPU.Build.0 = Debug|Any CPU
		{59D5BAA6-DF03-42DE-9E71-70AD12D7610F}.Release|Any CPU.ActiveCfg = Release|Any CPU
		{59D5BAA6-DF03-42DE-9E71-70AD12D7610F}.Release|Any CPU.Build.0 = Release|Any CPU
	EndGlobalSection
	GlobalSection(SolutionProperties) = preSolution
		HideSolutionNode = FALSE
	EndGlobalSection
	GlobalSection(ExtensibilityGlobals) = postSolution
		SolutionGuid = {7B97A601-5299-4419-9B05-B496BBD3D2D3}
	EndGlobalSection
EndGlobal
